// !$*UTF8*$!
{
	archiveVersion = 1;
	classes = {
	};
	objectVersion = 46;
	objects = {

/* Begin PBXBuildFile section */
		61CBDB211A2B65D300DC6858 /* AppDelegate.m in Sources */ = {isa = PBXBuildFile; fileRef = 61CBDB201A2B65D300DC6858 /* AppDelegate.m */; };
		61CBDB231A2B65D300DC6858 /* main.m in Sources */ = {isa = PBXBuildFile; fileRef = 61CBDB221A2B65D300DC6858 /* main.m */; };
		61CBDB261A2B65D300DC6858 /* ViewController.m in Sources */ = {isa = PBXBuildFile; fileRef = 61CBDB251A2B65D300DC6858 /* ViewController.m */; };
		61CBDB281A2B65D300DC6858 /* Images.xcassets in Resources */ = {isa = PBXBuildFile; fileRef = 61CBDB271A2B65D300DC6858 /* Images.xcassets */; };
		61CBDB2B1A2B65D300DC6858 /* Main.storyboard in Resources */ = {isa = PBXBuildFile; fileRef = 61CBDB291A2B65D300DC6858 /* Main.storyboard */; };
		61CBDB371A2B65D300DC6858 /* Test1Tests.m in Sources */ = {isa = PBXBuildFile; fileRef = 61CBDB361A2B65D300DC6858 /* Test1Tests.m */; };
/* End PBXBuildFile section */

/* Begin PBXContainerItemProxy section */
		61CBDB311A2B65D300DC6858 /* PBXContainerItemProxy */ = {
			isa = PBXContainerItemProxy;
			containerPortal = 61CBDB121A2B65D300DC6858 /* Project object */;
			proxyType = 1;
			remoteGlobalIDString = 61CBDB191A2B65D300DC6858;
			remoteInfo = Test1;
		};
/* End PBXContainerItemProxy section */

/* Begin PBXFileReference section */
		61CBDB1A1A2B65D300DC6858 /* Test1.app */ = {isa = PBXFileReference; explicitFileType = wrapper.application; includeInIndex = 0; path = Test1.app; sourceTree = BUILT_PRODUCTS_DIR; };
		61CBDB1E1A2B65D300DC6858 /* Info.plist */ = {isa = PBXFileReference; lastKnownFileType = text.plist.xml; path = Info.plist; sourceTree = "<group>"; };
		61CBDB1F1A2B65D300DC6858 /* AppDelegate.h */ = {isa = PBXFileReference; lastKnownFileType = sourcecode.c.h; path = AppDelegate.h; sourceTree = "<group>"; };
		61CBDB201A2B65D300DC6858 /* AppDelegate.m */ = {isa = PBXFileReference; lastKnownFileType = sourcecode.c.objc; path = AppDelegate.m; sourceTree = "<group>"; };
		61CBDB221A2B65D300DC6858 /* main.m */ = {isa = PBXFileReference; lastKnownFileType = sourcecode.c.objc; path = main.m; sourceTree = "<group>"; };
		61CBDB241A2B65D300DC6858 /* ViewController.h */ = {isa = PBXFileReference; lastKnownFileType = sourcecode.c.h; path = ViewController.h; sourceTree = "<group>"; };
		61CBDB251A2B65D300DC6858 /* ViewController.m */ = {isa = PBXFileReference; lastKnownFileType = sourcecode.c.objc; path = ViewController.m; sourceTree = "<group>"; };
		61CBDB271A2B65D300DC6858 /* Images.xcassets */ = {isa = PBXFileReference; lastKnownFileType = folder.assetcatalog; path = Images.xcassets; sourceTree = "<group>"; };
		61CBDB2A1A2B65D300DC6858 /* Base */ = {isa = PBXFileReference; lastKnownFileType = file.storyboard; name = Base; path = Base.lproj/Main.storyboard; sourceTree = "<group>"; };
		61CBDB301A2B65D300DC6858 /* Test1Tests.xctest */ = {isa = PBXFileReference; explicitFileType = wrapper.cfbundle; includeInIndex = 0; path = Test1Tests.xctest; sourceTree = BUILT_PRODUCTS_DIR; };
		61CBDB351A2B65D300DC6858 /* Info.plist */ = {isa = PBXFileReference; lastKnownFileType = text.plist.xml; path = Info.plist; sourceTree = "<group>"; };
		61CBDB361A2B65D300DC6858 /* Test1Tests.m */ = {isa = PBXFileReference; lastKnownFileType = sourcecode.c.objc; path = Test1Tests.m; sourceTree = "<group>"; };
/* End PBXFileReference section */

/* Begin PBXFrameworksBuildPhase section */
		61CBDB171A2B65D300DC6858 /* Frameworks */ = {
			isa = PBXFrameworksBuildPhase;
			buildActionMask = 2147483647;
			files = (
			);
			runOnlyForDeploymentPostprocessing = 0;
		};
		61CBDB2D1A2B65D300DC6858 /* Frameworks */ = {
			isa = PBXFrameworksBuildPhase;
			buildActionMask = 2147483647;
			files = (
			);
			runOnlyForDeploymentPostprocessing = 0;
		};
/* End PBXFrameworksBuildPhase section */

/* Begin PBXGroup section */
		61CBDB111A2B65D300DC6858 = {
			isa = PBXGroup;
			children = (
				61CBDB1C1A2B65D300DC6858 /* Test1 */,
				61CBDB331A2B65D300DC6858 /* Test1Tests */,
				61CBDB1B1A2B65D300DC6858 /* Products */,
			);
			sourceTree = "<group>";
		};
		61CBDB1B1A2B65D300DC6858 /* Products */ = {
			isa = PBXGroup;
			children = (
				61CBDB1A1A2B65D300DC6858 /* Test1.app */,
				61CBDB301A2B65D300DC6858 /* Test1Tests.xctest */,
			);
			name = Products;
			sourceTree = "<group>";
		};
		61CBDB1C1A2B65D300DC6858 /* Test1 */ = {
			isa = PBXGroup;
			children = (
				61CBDB1F1A2B65D300DC6858 /* AppDelegate.h */,
				61CBDB201A2B65D300DC6858 /* AppDelegate.m */,
				61CBDB241A2B65D300DC6858 /* ViewController.h */,
				61CBDB251A2B65D300DC6858 /* ViewController.m */,
				61CBDB271A2B65D300DC6858 /* Images.xcassets */,
				61CBDB291A2B65D300DC6858 /* Main.storyboard */,
				61CBDB1D1A2B65D300DC6858 /* Supporting Files */,
			);
			path = Test1;
			sourceTree = "<group>";
		};
		61CBDB1D1A2B65D300DC6858 /* Supporting Files */ = {
			isa = PBXGroup;
			children = (
				61CBDB1E1A2B65D300DC6858 /* Info.plist */,
				61CBDB221A2B65D300DC6858 /* main.m */,
			);
			name = "Supporting Files";
			sourceTree = "<group>";
		};
		61CBDB331A2B65D300DC6858 /* Test1Tests */ = {
			isa = PBXGroup;
			children = (
				61CBDB361A2B65D300DC6858 /* Test1Tests.m */,
				61CBDB341A2B65D300DC6858 /* Supporting Files */,
			);
			path = Test1Tests;
			sourceTree = "<group>";
		};
		61CBDB341A2B65D300DC6858 /* Supporting Files */ = {
			isa = PBXGroup;
			children = (
				61CBDB351A2B65D300DC6858 /* Info.plist */,
			);
			name = "Supporting Files";
			sourceTree = "<group>";
		};
/* End PBXGroup section */

/* Begin PBXNativeTarget section */
		61CBDB191A2B65D300DC6858 /* Test1 */ = {
			isa = PBXNativeTarget;
			buildConfigurationList = 61CBDB3A1A2B65D300DC6858 /* Build configuration list for PBXNativeTarget "Test1" */;
			buildPhases = (
				61CBDB161A2B65D300DC6858 /* Sources */,
				61CBDB171A2B65D300DC6858 /* Frameworks */,
				61CBDB181A2B65D300DC6858 /* Resources */,
			);
			buildRules = (
			);
			dependencies = (
			);
			name = Test1;
			productName = Test1;
			productReference = 61CBDB1A1A2B65D300DC6858 /* Test1.app */;
			productType = "com.apple.product-type.application";
		};
		61CBDB2F1A2B65D300DC6858 /* Test1Tests */ = {
			isa = PBXNativeTarget;
			buildConfigurationList = 61CBDB3D1A2B65D300DC6858 /* Build configuration list for PBXNativeTarget "Test1Tests" */;
			buildPhases = (
				61CBDB2C1A2B65D300DC6858 /* Sources */,
				61CBDB2D1A2B65D300DC6858 /* Frameworks */,
				61CBDB2E1A2B65D300DC6858 /* Resources */,
			);
			buildRules = (
			);
			dependencies = (
				61CBDB321A2B65D300DC6858 /* PBXTargetDependency */,
			);
			name = Test1Tests;
			productName = Test1Tests;
			productReference = 61CBDB301A2B65D300DC6858 /* Test1Tests.xctest */;
			productType = "com.apple.product-type.bundle.unit-test";
		};
/* End PBXNativeTarget section */

/* Begin PBXProject section */
		61CBDB121A2B65D300DC6858 /* Project object */ = {
			isa = PBXProject;
			attributes = {
				LastUpgradeCheck = 0610;
				ORGANIZATIONNAME = "Thatname Group";
				TargetAttributes = {
					61CBDB191A2B65D300DC6858 = {
						CreatedOnToolsVersion = 6.1;
					};
					61CBDB2F1A2B65D300DC6858 = {
						CreatedOnToolsVersion = 6.1;
						TestTargetID = 61CBDB191A2B65D300DC6858;
					};
				};
			};
			buildConfigurationList = 61CBDB151A2B65D300DC6858 /* Build configuration list for PBXProject "Test1" */;
			compatibilityVersion = "Xcode 3.2";
			developmentRegion = English;
			hasScannedForEncodings = 0;
			knownRegions = (
				en,
				Base,
			);
			mainGroup = 61CBDB111A2B65D300DC6858;
			productRefGroup = 61CBDB1B1A2B65D300DC6858 /* Products */;
			projectDirPath = "";
			projectRoot = "";
			targets = (
				61CBDB191A2B65D300DC6858 /* Test1 */,
				61CBDB2F1A2B65D300DC6858 /* Test1Tests */,
			);
		};
/* End PBXProject section */

/* Begin PBXResourcesBuildPhase section */
		61CBDB181A2B65D300DC6858 /* Resources */ = {
			isa = PBXResourcesBuildPhase;
			buildActionMask = 2147483647;
			files = (
				61CBDB281A2B65D300DC6858 /* Images.xcassets in Resources */,
				61CBDB2B1A2B65D300DC6858 /* Main.storyboard in Resources */,
			);
			runOnlyForDeploymentPostprocessing = 0;
		};
		61CBDB2E1A2B65D300DC6858 /* Resources */ = {
			isa = PBXResourcesBuildPhase;
			buildActionMask = 2147483647;
			files = (
			);
			runOnlyForDeploymentPostprocessing = 0;
		};
/* End PBXResourcesBuildPhase section */

/* Begin PBXSourcesBuildPhase section */
		61CBDB161A2B65D300DC6858 /* Sources */ = {
			isa = PBXSourcesBuildPhase;
			buildActionMask = 2147483647;
			files = (
				61CBDB261A2B65D300DC6858 /* ViewController.m in Sources */,
				61CBDB231A2B65D300DC6858 /* main.m in Sources */,
				61CBDB211A2B65D300DC6858 /* AppDelegate.m in Sources */,
			);
			runOnlyForDeploymentPostprocessing = 0;
		};
		61CBDB2C1A2B65D300DC6858 /* Sources */ = {
			isa = PBXSourcesBuildPhase;
			buildActionMask = 2147483647;
			files = (
				61CBDB371A2B65D300DC6858 /* Test1Tests.m in Sources */,
			);
			runOnlyForDeploymentPostprocessing = 0;
		};
/* End PBXSourcesBuildPhase section */

/* Begin PBXTargetDependency section */
		61CBDB321A2B65D300DC6858 /* PBXTargetDependency */ = {
			isa = PBXTargetDependency;
			target = 61CBDB191A2B65D300DC6858 /* Test1 */;
			targetProxy = 61CBDB311A2B65D300DC6858 /* PBXContainerItemProxy */;
		};
/* End PBXTargetDependency section */

/* Begin PBXVariantGroup section */
		61CBDB291A2B65D300DC6858 /* Main.storyboard */ = {
			isa = PBXVariantGroup;
			children = (
				61CBDB2A1A2B65D300DC6858 /* Base */,
			);
			name = Main.storyboard;
			sourceTree = "<group>";
		};
/* End PBXVariantGroup section */

/* Begin XCBuildConfiguration section */
		61CBDB381A2B65D300DC6858 /* Debug */ = {
			isa = XCBuildConfiguration;
			buildSettings = {
				ALWAYS_SEARCH_USER_PATHS = NO;
				CLANG_CXX_LANGUAGE_STANDARD = "gnu++0x";
				CLANG_CXX_LIBRARY = "libc++";
				CLANG_ENABLE_MODULES = YES;
				CLANG_ENABLE_OBJC_ARC = YES;
				CLANG_WARN_BOOL_CONVERSION = YES;
				CLANG_WARN_CONSTANT_CONVERSION = YES;
				CLANG_WARN_DIRECT_OBJC_ISA_USAGE = YES_ERROR;
				CLANG_WARN_EMPTY_BODY = YES;
				CLANG_WARN_ENUM_CONVERSION = YES;
				CLANG_WARN_INT_CONVERSION = YES;
				CLANG_WARN_OBJC_ROOT_CLASS = YES_ERROR;
				CLANG_WARN_UNREACHABLE_CODE = YES;
				CLANG_WARN__DUPLICATE_METHOD_MATCH = YES;
				CODE_SIGN_IDENTITY = "-";
				COPY_PHASE_STRIP = NO;
				ENABLE_STRICT_OBJC_MSGSEND = YES;
				GCC_C_LANGUAGE_STANDARD = gnu99;
				GCC_DYNAMIC_NO_PIC = NO;
				GCC_OPTIMIZATION_LEVEL = 0;
				GCC_PREPROCESSOR_DEFINITIONS = (
					"DEBUG=1",
					"$(inherited)",
				);
				GCC_SYMBOLS_PRIVATE_EXTERN = NO;
				GCC_WARN_64_TO_32_BIT_CONVERSION = YES;
				GCC_WARN_ABOUT_RETURN_TYPE = YES_ERROR;
				GCC_WARN_UNDECLARED_SELECTOR = YES;
				GCC_WARN_UNINITIALIZED_AUTOS = YES_AGGRESSIVE;
				GCC_WARN_UNUSED_FUNCTION = YES;
				GCC_WARN_UNUSED_VARIABLE = YES;
				MACOSX_DEPLOYMENT_TARGET = 10.10;
				MTL_ENABLE_DEBUG_INFO = YES;
				ONLY_ACTIVE_ARCH = YES;
				SDKROOT = macosx;
			};
			name = Debug;
		};
		61CBDB391A2B65D300DC6858 /* Release */ = {
			isa = XCBuildConfiguration;
			buildSettings = {
				ALWAYS_SEARCH_USER_PATHS = NO;
				CLANG_CXX_LANGUAGE_STANDARD = "gnu++0x";
				CLANG_CXX_LIBRARY = "libc++";
				CLANG_ENABLE_MODULES = YES;
				CLANG_ENABLE_OBJC_ARC = YES;
				CLANG_WARN_BOOL_CONVERSION = YES;
				CLANG_WARN_CONSTANT_CONVERSION = YES;
				CLANG_WARN_DIRECT_OBJC_ISA_USAGE = YES_ERROR;
				CLANG_WARN_EMPTY_BODY = YES;
				CLANG_WARN_ENUM_CONVERSION = YES;
				CLANG_WARN_INT_CONVERSION = YES;
				CLANG_WARN_OBJC_ROOT_CLASS = YES_ERROR;
				CLANG_WARN_UNREACHABLE_CODE = YES;
				CLANG_WARN__DUPLICATE_METHOD_MATCH = YES;
				CODE_SIGN_IDENTITY = "-";
				COPY_PHASE_STRIP = YES;
				DEBUG_INFORMATION_FORMAT = "dwarf-with-dsym";
				ENABLE_NS_ASSERTIONS = NO;
				ENABLE_STRICT_OBJC_MSGSEND = YES;
				GCC_C_LANGUAGE_STANDARD = gnu99;
				GCC_WARN_64_TO_32_BIT_CONVERSION = YES;
				GCC_WARN_ABOUT_RETURN_TYPE = YES_ERROR;
				GCC_WARN_UNDECLARED_SELECTOR = YES;
				GCC_WARN_UNINITIALIZED_AUTOS = YES_AGGRESSIVE;
				GCC_WARN_UNUSED_FUNCTION = YES;
				GCC_WARN_UNUSED_VARIABLE = YES;
				MACOSX_DEPLOYMENT_TARGET = 10.10;
				MTL_ENABLE_DEBUG_INFO = NO;
				SDKROOT = macosx;
			};
			name = Release;
		};
		61CBDB3B1A2B65D300DC6858 /* Debug */ = {
			isa = XCBuildConfiguration;
			buildSettings = {
				ASSETCATALOG_COMPILER_APPICON_NAME = AppIcon;
				COMBINE_HIDPI_IMAGES = YES;
				INFOPLIST_FILE = Test1/Info.plist;
				LD_RUNPATH_SEARCH_PATHS = "$(inherited) @executable_path/../Frameworks";
				PRODUCT_NAME = "$(TARGET_NAME)";
			};
			name = Debug;
		};
		61CBDB3C1A2B65D300DC6858 /* Release */ = {
			isa = XCBuildConfiguration;
			buildSettings = {
				ASSETCATALOG_COMPILER_APPICON_NAME = AppIcon;
				COMBINE_HIDPI_IMAGES = YES;
				INFOPLIST_FILE = Test1/Info.plist;
				LD_RUNPATH_SEARCH_PATHS = "$(inherited) @executable_path/../Frameworks";
				PRODUCT_NAME = "$(TARGET_NAME)";
			};
			name = Release;
		};
		61CBDB3E1A2B65D300DC6858 /* Debug */ = {
			isa = XCBuildConfiguration;
			buildSettings = {
				BUNDLE_LOADER = "$(TEST_HOST)";
				COMBINE_HIDPI_IMAGES = YES;
				FRAMEWORK_SEARCH_PATHS = (
					"$(DEVELOPER_FRAMEWORKS_DIR)",
					"$(inherited)",
				);
				GCC_PREPROCESSOR_DEFINITIONS = (
					"DEBUG=1",
					"$(inherited)",
				);
				INFOPLIST_FILE = Test1Tests/Info.plist;
				LD_RUNPATH_SEARCH_PATHS = "$(inherited) @executable_path/../Frameworks @loader_path/../Frameworks";
				PRODUCT_NAME = "$(TARGET_NAME)";
				TEST_HOST = "$(BUILT_PRODUCTS_DIR)/Test1.app/Contents/MacOS/Test1";
			};
			name = Debug;
		};
		61CBDB3F1A2B65D300DC6858 /* Release */ = {
			isa = XCBuildConfiguration;
			buildSettings = {
				BUNDLE_LOADER = "$(TEST_HOST)";
				COMBINE_HIDPI_IMAGES = YES;
				FRAMEWORK_SEARCH_PATHS = (
					"$(DEVELOPER_FRAMEWORKS_DIR)",
					"$(inherited)",
				);
				INFOPLIST_FILE = Test1Tests/Info.plist;
				LD_RUNPATH_SEARCH_PATHS = "$(inherited) @executable_path/../Frameworks @loader_path/../Frameworks";
				PRODUCT_NAME = "$(TARGET_NAME)";
				TEST_HOST = "$(BUILT_PRODUCTS_DIR)/Test1.app/Contents/MacOS/Test1";
			};
			name = Release;
		};
/* End XCBuildConfiguration section */

/* Begin XCConfigurationList section */
		61CBDB151A2B65D300DC6858 /* Build configuration list for PBXProject "Test1" */ = {
			isa = XCConfigurationList;
			buildConfigurations = (
				61CBDB381A2B65D300DC6858 /* Debug */,
				61CBDB391A2B65D300DC6858 /* Release */,
			);
			defaultConfigurationIsVisible = 0;
			defaultConfigurationName = Release;
		};
		61CBDB3A1A2B65D300DC6858 /* Build configuration list for PBXNativeTarget "Test1" */ = {
			isa = XCConfigurationList;
			buildConfigurations = (
				61CBDB3B1A2B65D300DC6858 /* Debug */,
				61CBDB3C1A2B65D300DC6858 /* Release */,
			);
			defaultConfigurationIsVisible = 0;
		};
		61CBDB3D1A2B65D300DC6858 /* Build configuration list for PBXNativeTarget "Test1Tests" */ = {
			isa = XCConfigurationList;
			buildConfigurations = (
				61CBDB3E1A2B65D300DC6858 /* Debug */,
				61CBDB3F1A2B65D300DC6858 /* Release */,
			);
			defaultConfigurationIsVisible = 0;
		};
/* End XCConfigurationList section */
	};
	rootObject = 61CBDB121A2B65D300DC6858 /* Project object */;
}
